
Microsoft Visual Studio Solution File, Format Version 12.00
# Visual Studio Version 17
VisualStudioVersion = 17.14.36518.9 d17.14
MinimumVisualStudioVersion = 10.0.40219.1
Project("{FAE04EC0-301F-11D3-BF4B-00C04F79EFBC}") = "Estructura_de_control", "Estructura_de_control\Estructura_de_control.csproj", "{5F52C5D6-DAFE-4A3A-95D5-B6585DE68A1D}"
EndProject
Global
	GlobalSection(SolutionConfigurationPlatforms) = preSolution
		Debug|Any CPU = Debug|Any CPU
		Release|Any CPU = Release|Any CPU
	EndGlobalSection
	GlobalSection(ProjectConfigurationPlatforms) = postSolution
		{5F52C5D6-DAFE-4A3A-95D5-B6585DE68A1D}.Debug|Any CPU.ActiveCfg = Debug|Any CPU
		{5F52C5D6-DAFE-4A3A-95D5-B6585DE68A1D}.Debug|Any CPU.Build.0 = Debug|Any CPU
		{5F52C5D6-DAFE-4A3A-95D5-B6585DE68A1D}.Release|Any CPU.ActiveCfg = Release|Any CPU
		{5F52C5D6-DAFE-4A3A-95D5-B6585DE68A1D}.Release|Any CPU.Build.0 = Release|Any CPU
	EndGlobalSection
	GlobalSection(SolutionProperties) = preSolution
		HideSolutionNode = FALSE
	EndGlobalSection
	GlobalSection(ExtensibilityGlobals) = postSolution
		SolutionGuid = {2DF44B36-63D2-4846-840C-0D0D1ECD48B8}
	EndGlobalSection
EndGlobal
