
Microsoft Visual Studio Solution File, Format Version 12.00
# Visual Studio Version 17
VisualStudioVersion = 17.14.36518.9 d17.14
MinimumVisualStudioVersion = 10.0.40219.1
Project("{FAE04EC0-301F-11D3-BF4B-00C04F79EFBC}") = "clubnativo", "clubnativo\clubnativo.csproj", "{45AC1476-6CC9-49D5-8E56-ACE436DD0AA6}"
EndProject
Global
	GlobalSection(SolutionConfigurationPlatforms) = preSolution
		Debug|Any CPU = Debug|Any CPU
		Release|Any CPU = Release|Any CPU
	EndGlobalSection
	GlobalSection(ProjectConfigurationPlatforms) = postSolution
		{45AC1476-6CC9-49D5-8E56-ACE436DD0AA6}.Debug|Any CPU.ActiveCfg = Debug|Any CPU
		{45AC1476-6CC9-49D5-8E56-ACE436DD0AA6}.Debug|Any CPU.Build.0 = Debug|Any CPU
		{45AC1476-6CC9-49D5-8E56-ACE436DD0AA6}.Release|Any CPU.ActiveCfg = Release|Any CPU
		{45AC1476-6CC9-49D5-8E56-ACE436DD0AA6}.Release|Any CPU.Build.0 = Release|Any CPU
	EndGlobalSection
	GlobalSection(SolutionProperties) = preSolution
		HideSolutionNode = FALSE
	EndGlobalSection
	GlobalSection(ExtensibilityGlobals) = postSolution
		SolutionGuid = {7A3B53DD-F8D6-476F-A828-DA390FE3397C}
	EndGlobalSection
EndGlobal
